
Microsoft Visual Studio Solution File, Format Version 11.00
# Visual Studio 2010
Project("{FAE04EC0-301F-11D3-BF4B-00C04F79EFBC}") = "Argh", "Argh\Argh.csproj", "{52D47DB9-7FA6-4DED-9A3C-398D50F609A4}"
EndProject
Project("{FAE04EC0-301F-11D3-BF4B-00C04F79EFBC}") = "HttpClient", "HttpClient\HttpClient.csproj", "{21A0B9FA-87C5-4AB0-87F8-59BA00D28264}"
EndProject
Project("{FAE04EC0-301F-11D3-BF4B-00C04F79EFBC}") = "HttpClient.Tests", "HttpClient.Tests\HttpClient.Tests.csproj", "{FA8DC0A9-2714-4D0F-B182-B77E00979501}"
EndProject
Project("{FAE04EC0-301F-11D3-BF4B-00C04F79EFBC}") = "Argh.Tests", "Argh.Tests\Argh.Tests.csproj", "{14753312-E182-4764-839F-A3A7D54DD1E3}"
EndProject
Global
	GlobalSection(SolutionConfigurationPlatforms) = preSolution
		Debug|Any CPU = Debug|Any CPU
		Debug|Mixed Platforms = Debug|Mixed Platforms
		Debug|x86 = Debug|x86
		Release|Any CPU = Release|Any CPU
		Release|Mixed Platforms = Release|Mixed Platforms
		Release|x86 = Release|x86
	EndGlobalSection
	GlobalSection(ProjectConfigurationPlatforms) = postSolution
		{52D47DB9-7FA6-4DED-9A3C-398D50F609A4}.Debug|Any CPU.ActiveCfg = Debug|Any CPU
		{52D47DB9-7FA6-4DED-9A3C-398D50F609A4}.Debug|Any CPU.Build.0 = Debug|Any CPU
		{52D47DB9-7FA6-4DED-9A3C-398D50F609A4}.Debug|Mixed Platforms.ActiveCfg = Debug|x86
		{52D47DB9-7FA6-4DED-9A3C-398D50F609A4}.Debug|Mixed Platforms.Build.0 = Debug|x86
		{52D47DB9-7FA6-4DED-9A3C-398D50F609A4}.Debug|x86.ActiveCfg = Debug|x86
		{52D47DB9-7FA6-4DED-9A3C-398D50F609A4}.Debug|x86.Build.0 = Debug|x86
		{52D47DB9-7FA6-4DED-9A3C-398D50F609A4}.Release|Any CPU.ActiveCfg = Release|x86
		{52D47DB9-7FA6-4DED-9A3C-398D50F609A4}.Release|Mixed Platforms.ActiveCfg = Release|x86
		{52D47DB9-7FA6-4DED-9A3C-398D50F609A4}.Release|Mixed Platforms.Build.0 = Release|x86
		{52D47DB9-7FA6-4DED-9A3C-398D50F609A4}.Release|x86.ActiveCfg = Release|x86
		{52D47DB9-7FA6-4DED-9A3C-398D50F609A4}.Release|x86.Build.0 = Release|x86
		{21A0B9FA-87C5-4AB0-87F8-59BA00D28264}.Debug|Any CPU.ActiveCfg = Debug|Any CPU
		{21A0B9FA-87C5-4AB0-87F8-59BA00D28264}.Debug|Any CPU.Build.0 = Debug|Any CPU
		{21A0B9FA-87C5-4AB0-87F8-59BA00D28264}.Debug|Mixed Platforms.ActiveCfg = Debug|Any CPU
		{21A0B9FA-87C5-4AB0-87F8-59BA00D28264}.Debug|Mixed Platforms.Build.0 = Debug|Any CPU
		{21A0B9FA-87C5-4AB0-87F8-59BA00D28264}.Debug|x86.ActiveCfg = Debug|x86
		{21A0B9FA-87C5-4AB0-87F8-59BA00D28264}.Debug|x86.Build.0 = Debug|x86
		{21A0B9FA-87C5-4AB0-87F8-59BA00D28264}.Release|Any CPU.ActiveCfg = Release|Any CPU
		{21A0B9FA-87C5-4AB0-87F8-59BA00D28264}.Release|Any CPU.Build.0 = Release|Any CPU
		{21A0B9FA-87C5-4AB0-87F8-59BA00D28264}.Release|Mixed Platforms.ActiveCfg = Release|Any CPU
		{21A0B9FA-87C5-4AB0-87F8-59BA00D28264}.Release|Mixed Platforms.Build.0 = Release|Any CPU
		{21A0B9FA-87C5-4AB0-87F8-59BA00D28264}.Release|x86.ActiveCfg = Release|Any CPU
		{FA8DC0A9-2714-4D0F-B182-B77E00979501}.Debug|Any CPU.ActiveCfg = Debug|Any CPU
		{FA8DC0A9-2714-4D0F-B182-B77E00979501}.Debug|Any CPU.Build.0 = Debug|Any CPU
		{FA8DC0A9-2714-4D0F-B182-B77E00979501}.Debug|Mixed Platforms.ActiveCfg = Debug|Any CPU
		{FA8DC0A9-2714-4D0F-B182-B77E00979501}.Debug|Mixed Platforms.Build.0 = Debug|Any CPU
		{FA8DC0A9-2714-4D0F-B182-B77E00979501}.Debug|x86.ActiveCfg = Debug|x86
		{FA8DC0A9-2714-4D0F-B182-B77E00979501}.Debug|x86.Build.0 = Debug|x86
		{FA8DC0A9-2714-4D0F-B182-B77E00979501}.Release|Any CPU.ActiveCfg = Release|Any CPU
		{FA8DC0A9-2714-4D0F-B182-B77E00979501}.Release|Any CPU.Build.0 = Release|Any CPU
		{FA8DC0A9-2714-4D0F-B182-B77E00979501}.Release|Mixed Platforms.ActiveCfg = Release|Any CPU
		{FA8DC0A9-2714-4D0F-B182-B77E00979501}.Release|Mixed Platforms.Build.0 = Release|Any CPU
		{FA8DC0A9-2714-4D0F-B182-B77E00979501}.Release|x86.ActiveCfg = Release|Any CPU
		{14753312-E182-4764-839F-A3A7D54DD1E3}.Debug|Any CPU.ActiveCfg = Debug|Any CPU
		{14753312-E182-4764-839F-A3A7D54DD1E3}.Debug|Any CPU.Build.0 = Debug|Any CPU
		{14753312-E182-4764-839F-A3A7D54DD1E3}.Debug|Mixed Platforms.ActiveCfg = Debug|Any CPU
		{14753312-E182-4764-839F-A3A7D54DD1E3}.Debug|Mixed Platforms.Build.0 = Debug|Any CPU
		{14753312-E182-4764-839F-A3A7D54DD1E3}.Debug|x86.ActiveCfg = Debug|x86
		{14753312-E182-4764-839F-A3A7D54DD1E3}.Debug|x86.Build.0 = Debug|x86
		{14753312-E182-4764-839F-A3A7D54DD1E3}.Release|Any CPU.ActiveCfg = Release|Any CPU
		{14753312-E182-4764-839F-A3A7D54DD1E3}.Release|Any CPU.Build.0 = Release|Any CPU
		{14753312-E182-4764-839F-A3A7D54DD1E3}.Release|Mixed Platforms.ActiveCfg = Release|Any CPU
		{14753312-E182-4764-839F-A3A7D54DD1E3}.Release|Mixed Platforms.Build.0 = Release|Any CPU
		{14753312-E182-4764-839F-A3A7D54DD1E3}.Release|x86.ActiveCfg = Release|Any CPU
	EndGlobalSection
	GlobalSection(SolutionProperties) = preSolution
		HideSolutionNode = FALSE
	EndGlobalSection
EndGlobal
